{
  "name": "quais-test",
  "version": "0.0.0",
  "lockfileVersion": 2,
  "requires": true,
  "packages": {
    "": {
      "name": "quais-test",
      "version": "0.0.0",
      "license": "ISC",
      "dependencies": {
        "quais": "^0.1.4"
      },
      "devDependencies": {
        "@types/node": "^18.11.11"
      }
    },
    "../../code/quais.js/.package_node_modules/transactions/@quais/address": {
      "version": "0.1.0",
      "license": "MIT",
      "dependencies": {
        "@quais/bignumber": "^0.1.0",
        "@quais/bytes": "^0.1.0",
        "@quais/keccak256": "^0.1.0",
        "@quais/logger": "^0.1.0",
        "@quais/rlp": "^0.1.0"
      }
    },
    "../../code/quais.js/.package_node_modules/transactions/@quais/address/node_modules/@quais/bignumber": {
      "version": "0.1.0",
      "funding": [
        {
          "type": "individual",
          "url": "https://gitcoin.co/grants/13/ethersjs-complete-simple-and-tiny-2"
        },
        {
          "type": "individual",
          "url": "https://www.buymeacoffee.com/ricmoo"
        }
      ],
      "license": "MIT",
      "dependencies": {
        "@quais/bytes": "^0.1.0",
        "@quais/logger": "^0.1.0",
        "bn.js": "^5.2.1"
      }
    },
    "../../code/quais.js/.package_node_modules/transactions/@quais/address/node_modules/@quais/bytes": {
      "version": "0.1.0",
      "license": "MIT",
      "dependencies": {
        "@quais/logger": "^0.1.0"
      }
    },
    "../../code/quais.js/.package_node_modules/transactions/@quais/address/node_modules/@quais/keccak256": {
      "version": "0.1.0",
      "license": "MIT",
      "dependencies": {
        "@quais/bytes": "^0.1.0",
        "js-sha3": "0.8.0"
      }
    },
    "../../code/quais.js/.package_node_modules/transactions/@quais/address/node_modules/@quais/logger": {
      "version": "0.1.0",
      "license": "MIT"
    },
    "../../code/quais.js/.package_node_modules/transactions/@quais/address/node_modules/@quais/rlp": {
      "version": "0.1.0",
      "funding": [
        {
          "type": "individual",
          "url": "https://gitcoin.co/grants/13/ethersjs-complete-simple-and-tiny-2"
        },
        {
          "type": "individual",
          "url": "https://www.buymeacoffee.com/ricmoo"
        }
      ],
      "license": "MIT",
      "dependencies": {
        "@quais/bytes": "^0.1.0",
        "@quais/logger": "^0.1.0"
      }
    },
    "../../code/quais.js/.package_node_modules/transactions/@quais/address/node_modules/bn.js": {
      "version": "5.2.1",
      "license": "MIT"
    },
    "../../code/quais.js/.package_node_modules/transactions/@quais/address/node_modules/js-sha3": {
      "version": "0.8.0",
      "license": "MIT"
    },
    "../../code/quais.js/.package_node_modules/transactions/@quais/bignumber": {
      "version": "0.1.0",
      "funding": [
        {
          "type": "individual",
          "url": "https://gitcoin.co/grants/13/ethersjs-complete-simple-and-tiny-2"
        },
        {
          "type": "individual",
          "url": "https://www.buymeacoffee.com/ricmoo"
        }
      ],
      "license": "MIT",
      "dependencies": {
        "@quais/bytes": "^0.1.0",
        "@quais/logger": "^0.1.0",
        "bn.js": "^5.2.1"
      }
    },
    "../../code/quais.js/.package_node_modules/transactions/@quais/bignumber/node_modules/@quais/bytes": {
      "version": "0.1.0",
      "license": "MIT",
      "dependencies": {
        "@quais/logger": "^0.1.0"
      }
    },
    "../../code/quais.js/.package_node_modules/transactions/@quais/bignumber/node_modules/@quais/logger": {
      "version": "0.1.0",
      "license": "MIT"
    },
    "../../code/quais.js/.package_node_modules/transactions/@quais/bignumber/node_modules/bn.js": {
      "version": "5.2.1",
      "license": "MIT"
    },
    "../../code/quais.js/.package_node_modules/transactions/@quais/bytes": {
      "version": "0.1.0",
      "license": "MIT",
      "dependencies": {
        "@quais/logger": "^0.1.0"
      }
    },
    "../../code/quais.js/.package_node_modules/transactions/@quais/bytes/node_modules/@quais/logger": {
      "version": "0.1.0",
      "license": "MIT"
    },
    "../../code/quais.js/.package_node_modules/transactions/@quais/constants": {
      "version": "0.1.0",
      "license": "MIT",
      "dependencies": {
        "@quais/bignumber": "^0.1.0"
      }
    },
    "../../code/quais.js/.package_node_modules/transactions/@quais/constants/node_modules/@quais/bignumber": {
      "version": "0.1.0",
      "funding": [
        {
          "type": "individual",
          "url": "https://gitcoin.co/grants/13/ethersjs-complete-simple-and-tiny-2"
        },
        {
          "type": "individual",
          "url": "https://www.buymeacoffee.com/ricmoo"
        }
      ],
      "license": "MIT",
      "dependencies": {
        "@quais/bytes": "^0.1.0",
        "@quais/logger": "^0.1.0",
        "bn.js": "^5.2.1"
      }
    },
    "../../code/quais.js/.package_node_modules/transactions/@quais/constants/node_modules/@quais/bytes": {
      "version": "0.1.0",
      "license": "MIT",
      "dependencies": {
        "@quais/logger": "^0.1.0"
      }
    },
    "../../code/quais.js/.package_node_modules/transactions/@quais/constants/node_modules/@quais/logger": {
      "version": "0.1.0",
      "license": "MIT"
    },
    "../../code/quais.js/.package_node_modules/transactions/@quais/constants/node_modules/bn.js": {
      "version": "5.2.1",
      "license": "MIT"
    },
    "../../code/quais.js/.package_node_modules/transactions/@quais/keccak256": {
      "version": "0.1.0",
      "license": "MIT",
      "dependencies": {
        "@quais/bytes": "^0.1.0",
        "js-sha3": "0.8.0"
      }
    },
    "../../code/quais.js/.package_node_modules/transactions/@quais/keccak256/node_modules/@quais/bytes": {
      "version": "0.1.0",
      "license": "MIT",
      "dependencies": {
        "@quais/logger": "^0.1.0"
      }
    },
    "../../code/quais.js/.package_node_modules/transactions/@quais/keccak256/node_modules/@quais/logger": {
      "version": "0.1.0",
      "license": "MIT"
    },
    "../../code/quais.js/.package_node_modules/transactions/@quais/keccak256/node_modules/js-sha3": {
      "version": "0.8.0",
      "license": "MIT"
    },
    "../../code/quais.js/.package_node_modules/transactions/@quais/logger": {
      "version": "0.1.0",
      "license": "MIT"
    },
    "../../code/quais.js/.package_node_modules/transactions/@quais/properties": {
      "version": "0.1.0",
      "license": "MIT",
      "dependencies": {
        "@quais/logger": "^0.1.0"
      }
    },
    "../../code/quais.js/.package_node_modules/transactions/@quais/properties/node_modules/@quais/logger": {
      "version": "0.1.0",
      "license": "MIT"
    },
    "../../code/quais.js/.package_node_modules/transactions/@quais/rlp": {
      "version": "0.1.0",
      "funding": [
        {
          "type": "individual",
          "url": "https://gitcoin.co/grants/13/ethersjs-complete-simple-and-tiny-2"
        },
        {
          "type": "individual",
          "url": "https://www.buymeacoffee.com/ricmoo"
        }
      ],
      "license": "MIT",
      "dependencies": {
        "@quais/bytes": "^0.1.0",
        "@quais/logger": "^0.1.0"
      }
    },
    "../../code/quais.js/.package_node_modules/transactions/@quais/rlp/node_modules/@quais/bytes": {
      "version": "0.1.0",
      "license": "MIT",
      "dependencies": {
        "@quais/logger": "^0.1.0"
      }
    },
    "../../code/quais.js/.package_node_modules/transactions/@quais/rlp/node_modules/@quais/logger": {
      "version": "0.1.0",
      "license": "MIT"
    },
    "../../code/quais.js/.package_node_modules/transactions/@quais/signing-key": {
      "version": "0.1.0",
      "license": "MIT",
      "dependencies": {
        "@quais/bytes": "^0.1.0",
        "@quais/logger": "^0.1.0",
        "@quais/properties": "^0.1.0",
        "bn.js": "^5.2.1",
        "elliptic": "6.5.4",
        "hash.js": "1.1.7"
      }
    },
    "../../code/quais.js/.package_node_modules/transactions/@quais/signing-key/node_modules/@quais/bytes": {
      "version": "0.1.0",
      "license": "MIT",
      "dependencies": {
        "@quais/logger": "^0.1.0"
      }
    },
    "../../code/quais.js/.package_node_modules/transactions/@quais/signing-key/node_modules/@quais/logger": {
      "version": "0.1.0",
      "license": "MIT"
    },
    "../../code/quais.js/.package_node_modules/transactions/@quais/signing-key/node_modules/@quais/properties": {
      "version": "0.1.0",
      "license": "MIT",
      "dependencies": {
        "@quais/logger": "^0.1.0"
      }
    },
    "../../code/quais.js/.package_node_modules/transactions/@quais/signing-key/node_modules/bn.js": {
      "version": "5.2.1",
      "license": "MIT"
    },
    "../../code/quais.js/.package_node_modules/transactions/@quais/signing-key/node_modules/brorand": {
      "version": "1.1.0",
      "license": "MIT"
    },
    "../../code/quais.js/.package_node_modules/transactions/@quais/signing-key/node_modules/elliptic": {
      "version": "6.5.4",
      "license": "MIT",
      "dependencies": {
        "bn.js": "^4.11.9",
        "brorand": "^1.1.0",
        "hash.js": "^1.0.0",
        "hmac-drbg": "^1.0.1",
        "inherits": "^2.0.4",
        "minimalistic-assert": "^1.0.1",
        "minimalistic-crypto-utils": "^1.0.1"
      }
    },
    "../../code/quais.js/.package_node_modules/transactions/@quais/signing-key/node_modules/elliptic/node_modules/bn.js": {
      "version": "4.12.0",
      "license": "MIT"
    },
    "../../code/quais.js/.package_node_modules/transactions/@quais/signing-key/node_modules/hash.js": {
      "version": "1.1.7",
      "license": "MIT",
      "dependencies": {
        "inherits": "^2.0.3",
        "minimalistic-assert": "^1.0.1"
      }
    },
    "../../code/quais.js/.package_node_modules/transactions/@quais/signing-key/node_modules/hmac-drbg": {
      "version": "1.0.1",
      "license": "MIT",
      "dependencies": {
        "hash.js": "^1.0.3",
        "minimalistic-assert": "^1.0.0",
        "minimalistic-crypto-utils": "^1.0.1"
      }
    },
    "../../code/quais.js/.package_node_modules/transactions/@quais/signing-key/node_modules/inherits": {
      "version": "2.0.4",
      "license": "ISC"
    },
    "../../code/quais.js/.package_node_modules/transactions/@quais/signing-key/node_modules/minimalistic-assert": {
      "version": "1.0.1",
      "license": "ISC"
    },
    "../../code/quais.js/.package_node_modules/transactions/@quais/signing-key/node_modules/minimalistic-crypto-utils": {
      "version": "1.0.1",
      "license": "MIT"
    },
    "../../code/quais.js/.package_node_modules/transactions/bn.js": {
      "version": "5.2.1",
      "extraneous": true,
      "license": "MIT",
      "devDependencies": {
        "eslint-plugin-es5": "^1.5.0",
        "mocha": "^8.3.0",
        "standardx": "^7.0.0"
      }
    },
    "../../code/quais.js/.package_node_modules/transactions/brorand": {
      "version": "1.1.0",
      "extraneous": true,
      "license": "MIT",
      "devDependencies": {
        "mocha": "^2.0.1"
      }
    },
    "../../code/quais.js/.package_node_modules/transactions/elliptic": {
      "version": "6.5.4",
      "extraneous": true,
      "license": "MIT",
      "dependencies": {
        "bn.js": "^4.11.9",
        "brorand": "^1.1.0",
        "hash.js": "^1.0.0",
        "hmac-drbg": "^1.0.1",
        "inherits": "^2.0.4",
        "minimalistic-assert": "^1.0.1",
        "minimalistic-crypto-utils": "^1.0.1"
      },
      "devDependencies": {
        "brfs": "^2.0.2",
        "coveralls": "^3.1.0",
        "eslint": "^7.6.0",
        "grunt": "^1.2.1",
        "grunt-browserify": "^5.3.0",
        "grunt-cli": "^1.3.2",
        "grunt-contrib-connect": "^3.0.0",
        "grunt-contrib-copy": "^1.0.0",
        "grunt-contrib-uglify": "^5.0.0",
        "grunt-mocha-istanbul": "^5.0.2",
        "grunt-saucelabs": "^9.0.1",
        "istanbul": "^0.4.5",
        "mocha": "^8.0.1"
      }
    },
    "../../code/quais.js/.package_node_modules/transactions/hash.js": {
      "version": "1.1.7",
      "extraneous": true,
      "license": "MIT",
      "dependencies": {
        "inherits": "^2.0.3",
        "minimalistic-assert": "^1.0.1"
      },
      "devDependencies": {
        "eslint": "^4.19.1",
        "mocha": "^5.2.0"
      }
    },
    "../../code/quais.js/.package_node_modules/transactions/hmac-drbg": {
      "version": "1.0.1",
      "extraneous": true,
      "license": "MIT",
      "dependencies": {
        "hash.js": "^1.0.3",
        "minimalistic-assert": "^1.0.0",
        "minimalistic-crypto-utils": "^1.0.1"
      },
      "devDependencies": {
        "mocha": "^3.2.0"
      }
    },
    "../../code/quais.js/.package_node_modules/transactions/inherits": {
      "version": "2.0.4",
      "extraneous": true,
      "license": "ISC",
      "devDependencies": {
        "tap": "^14.2.4"
      }
    },
    "../../code/quais.js/.package_node_modules/transactions/js-sha3": {
      "version": "0.8.0",
      "extraneous": true,
      "license": "MIT",
      "devDependencies": {
        "expect.js": "~0.3.1",
        "mocha": "~2.3.4",
        "nyc": "^11.3.0",
        "uglify-js": "^3.1.9",
        "webworker-threads": "^0.7.13"
      }
    },
    "../../code/quais.js/.package_node_modules/transactions/minimalistic-assert": {
      "version": "1.0.1",
      "extraneous": true,
      "license": "ISC"
    },
    "../../code/quais.js/.package_node_modules/transactions/minimalistic-crypto-utils": {
      "version": "1.0.1",
      "extraneous": true,
      "license": "MIT",
      "devDependencies": {
        "mocha": "^3.2.0"
      }
    },
    "../../code/quais.js/packages/transactions": {
      "name": "@quais/transactions",
      "version": "0.1.2",
      "license": "MIT",
      "dependencies": {
        "@quais/address": "^0.1.0",
        "@quais/bignumber": "^0.1.0",
        "@quais/bytes": "^0.1.0",
        "@quais/constants": "^0.1.0",
        "@quais/keccak256": "^0.1.0",
        "@quais/logger": "^0.1.0",
        "@quais/properties": "^0.1.0",
        "@quais/rlp": "^0.1.0",
        "@quais/signing-key": "^0.1.0"
      }
    },
    "../../code/quais.js/packages/transactions/node_modules/@quais/address": {
      "resolved": "../../code/quais.js/.package_node_modules/transactions/@quais/address",
      "link": true
    },
    "../../code/quais.js/packages/transactions/node_modules/@quais/bignumber": {
      "resolved": "../../code/quais.js/.package_node_modules/transactions/@quais/bignumber",
      "link": true
    },
    "../../code/quais.js/packages/transactions/node_modules/@quais/bytes": {
      "resolved": "../../code/quais.js/.package_node_modules/transactions/@quais/bytes",
      "link": true
    },
    "../../code/quais.js/packages/transactions/node_modules/@quais/constants": {
      "resolved": "../../code/quais.js/.package_node_modules/transactions/@quais/constants",
      "link": true
    },
    "../../code/quais.js/packages/transactions/node_modules/@quais/keccak256": {
      "resolved": "../../code/quais.js/.package_node_modules/transactions/@quais/keccak256",
      "link": true
    },
    "../../code/quais.js/packages/transactions/node_modules/@quais/logger": {
      "resolved": "../../code/quais.js/.package_node_modules/transactions/@quais/logger",
      "link": true
    },
    "../../code/quais.js/packages/transactions/node_modules/@quais/properties": {
      "resolved": "../../code/quais.js/.package_node_modules/transactions/@quais/properties",
      "link": true
    },
    "../../code/quais.js/packages/transactions/node_modules/@quais/rlp": {
      "resolved": "../../code/quais.js/.package_node_modules/transactions/@quais/rlp",
      "link": true
    },
    "../../code/quais.js/packages/transactions/node_modules/@quais/signing-key": {
      "resolved": "../../code/quais.js/.package_node_modules/transactions/@quais/signing-key",
      "link": true
    },
    "node_modules/@quais/abi": {
      "version": "0.1.0",
      "funding": [
        {
          "type": "individual",
          "url": "https://gitcoin.co/grants/13/ethersjs-complete-simple-and-tiny-2"
        },
        {
          "type": "individual",
          "url": "https://www.buymeacoffee.com/ricmoo"
        }
      ],
      "license": "MIT",
      "dependencies": {
        "@quais/address": "^0.1.0",
        "@quais/bignumber": "^0.1.0",
        "@quais/bytes": "^0.1.0",
        "@quais/constants": "^0.1.0",
        "@quais/hash": "^0.1.0",
        "@quais/keccak256": "^0.1.0",
        "@quais/logger": "^0.1.0",
        "@quais/properties": "^0.1.0",
        "@quais/strings": "^0.1.0"
      }
    },
    "node_modules/@quais/abstract-provider": {
      "version": "0.1.1",
      "license": "MIT",
      "dependencies": {
        "@quais/bignumber": "^0.1.0",
        "@quais/bytes": "^0.1.0",
        "@quais/logger": "^0.1.0",
        "@quais/networks": "^0.1.0",
        "@quais/properties": "^0.1.0",
        "@quais/transactions": "^0.1.0",
        "@quais/web": "^0.1.0"
      }
    },
    "node_modules/@quais/abstract-signer": {
      "version": "0.1.0",
      "license": "MIT",
      "dependencies": {
        "@quais/abstract-provider": "^0.1.0",
        "@quais/bignumber": "^0.1.0",
        "@quais/bytes": "^0.1.0",
        "@quais/logger": "^0.1.0",
        "@quais/properties": "^0.1.0"
      }
    },
    "node_modules/@quais/address": {
      "version": "0.1.0",
      "license": "MIT",
      "dependencies": {
        "@quais/bignumber": "^0.1.0",
        "@quais/bytes": "^0.1.0",
        "@quais/keccak256": "^0.1.0",
        "@quais/logger": "^0.1.0",
        "@quais/rlp": "^0.1.0"
      }
    },
    "node_modules/@quais/base64": {
      "version": "0.1.0",
      "license": "MIT",
      "dependencies": {
        "@quais/bytes": "^0.1.0"
      }
    },
    "node_modules/@quais/basex": {
      "version": "0.1.0",
      "license": "MIT",
      "dependencies": {
        "@quais/bytes": "^0.1.0",
        "@quais/properties": "^0.1.0"
      }
    },
    "node_modules/@quais/bignumber": {
      "version": "0.1.0",
      "funding": [
        {
          "type": "individual",
          "url": "https://gitcoin.co/grants/13/ethersjs-complete-simple-and-tiny-2"
        },
        {
          "type": "individual",
          "url": "https://www.buymeacoffee.com/ricmoo"
        }
      ],
      "license": "MIT",
      "dependencies": {
        "@quais/bytes": "^0.1.0",
        "@quais/logger": "^0.1.0",
        "bn.js": "^5.2.1"
      }
    },
    "node_modules/@quais/bytes": {
      "version": "0.1.0",
      "license": "MIT",
      "dependencies": {
        "@quais/logger": "^0.1.0"
      }
    },
    "node_modules/@quais/constants": {
      "version": "0.1.0",
      "license": "MIT",
      "dependencies": {
        "@quais/bignumber": "^0.1.0"
      }
    },
    "node_modules/@quais/contracts": {
      "version": "0.1.0",
      "license": "MIT",
      "dependencies": {
        "@quais/abi": "^0.1.0",
        "@quais/abstract-provider": "^0.1.0",
        "@quais/abstract-signer": "^0.1.0",
        "@quais/address": "^0.1.0",
        "@quais/bignumber": "^0.1.0",
        "@quais/bytes": "^0.1.0",
        "@quais/constants": "^0.1.0",
        "@quais/logger": "^0.1.0",
        "@quais/properties": "^0.1.0",
        "@quais/transactions": "^0.1.0"
      }
    },
    "node_modules/@quais/hash": {
      "version": "0.1.0",
      "license": "MIT",
      "dependencies": {
        "@quais/abstract-signer": "^0.1.0",
        "@quais/address": "^0.1.0",
        "@quais/base64": "^0.1.0",
        "@quais/bignumber": "^0.1.0",
        "@quais/bytes": "^0.1.0",
        "@quais/keccak256": "^0.1.0",
        "@quais/logger": "^0.1.0",
        "@quais/properties": "^0.1.0",
        "@quais/strings": "^0.1.0"
      }
    },
    "node_modules/@quais/hdnode": {
      "version": "0.1.0",
      "license": "MIT",
      "dependencies": {
        "@quais/abstract-signer": "^0.1.0",
        "@quais/basex": "^0.1.0",
        "@quais/bignumber": "^0.1.0",
        "@quais/bytes": "^0.1.0",
        "@quais/logger": "^0.1.0",
        "@quais/pbkdf2": "^0.1.0",
        "@quais/properties": "^0.1.0",
        "@quais/sha2": "^0.1.0",
        "@quais/signing-key": "^0.1.0",
        "@quais/strings": "^0.1.0",
        "@quais/transactions": "^0.1.0",
        "@quais/wordlists": "^0.1.0"
      }
    },
    "node_modules/@quais/json-wallets": {
      "version": "0.1.0",
      "license": "MIT",
      "dependencies": {
        "@quais/abstract-signer": "^0.1.0",
        "@quais/address": "^0.1.0",
        "@quais/bytes": "^0.1.0",
        "@quais/hdnode": "^0.1.0",
        "@quais/keccak256": "^0.1.0",
        "@quais/logger": "^0.1.0",
        "@quais/pbkdf2": "^0.1.0",
        "@quais/properties": "^0.1.0",
        "@quais/random": "^0.1.0",
        "@quais/strings": "^0.1.0",
        "@quais/transactions": "^0.1.0",
        "aes-js": "3.0.0",
        "scrypt-js": "3.0.1"
      }
    },
    "node_modules/@quais/keccak256": {
      "version": "0.1.0",
      "license": "MIT",
      "dependencies": {
        "@quais/bytes": "^0.1.0",
        "js-sha3": "0.8.0"
      }
    },
    "node_modules/@quais/logger": {
      "version": "0.1.0",
      "license": "MIT"
    },
    "node_modules/@quais/networks": {
      "version": "0.1.0",
      "license": "MIT",
      "dependencies": {
        "@quais/logger": "^0.1.0"
      }
    },
    "node_modules/@quais/pbkdf2": {
      "version": "0.1.0",
      "funding": [
        {
          "type": "individual",
          "url": "https://gitcoin.co/grants/13/ethersjs-complete-simple-and-tiny-2"
        },
        {
          "type": "individual",
          "url": "https://www.buymeacoffee.com/ricmoo"
        }
      ],
      "license": "MIT",
      "dependencies": {
        "@quais/bytes": "^0.1.0",
        "@quais/sha2": "^0.1.0"
      }
    },
    "node_modules/@quais/properties": {
      "version": "0.1.0",
      "license": "MIT",
      "dependencies": {
        "@quais/logger": "^0.1.0"
      }
    },
    "node_modules/@quais/providers": {
      "version": "0.1.0",
      "license": "MIT",
      "dependencies": {
        "@quais/abstract-provider": "^0.1.0",
        "@quais/abstract-signer": "^0.1.0",
        "@quais/address": "^0.1.0",
        "@quais/base64": "^0.1.0",
        "@quais/basex": "^0.1.0",
        "@quais/bignumber": "^0.1.0",
        "@quais/bytes": "^0.1.0",
        "@quais/constants": "^0.1.0",
        "@quais/hash": "^0.1.0",
        "@quais/logger": "^0.1.0",
        "@quais/networks": "^0.1.0",
        "@quais/properties": "^0.1.0",
        "@quais/random": "^0.1.0",
        "@quais/rlp": "^0.1.0",
        "@quais/sha2": "^0.1.0",
        "@quais/strings": "^0.1.0",
        "@quais/transactions": "^0.1.0",
        "@quais/web": "^0.1.0",
        "bech32": "1.1.4",
        "ws": "7.4.6"
      }
    },
    "node_modules/@quais/random": {
      "version": "0.1.0",
      "funding": [
        {
          "type": "individual",
          "url": "https://gitcoin.co/grants/13/ethersjs-complete-simple-and-tiny-2"
        },
        {
          "type": "individual",
          "url": "https://www.buymeacoffee.com/ricmoo"
        }
      ],
      "license": "MIT",
      "dependencies": {
        "@quais/bytes": "^0.1.0",
        "@quais/logger": "^0.1.0"
      }
    },
    "node_modules/@quais/rlp": {
      "version": "0.1.0",
      "funding": [
        {
          "type": "individual",
          "url": "https://gitcoin.co/grants/13/ethersjs-complete-simple-and-tiny-2"
        },
        {
          "type": "individual",
          "url": "https://www.buymeacoffee.com/ricmoo"
        }
      ],
      "license": "MIT",
      "dependencies": {
        "@quais/bytes": "^0.1.0",
        "@quais/logger": "^0.1.0"
      }
    },
    "node_modules/@quais/sha2": {
      "version": "0.1.0",
      "license": "MIT",
      "dependencies": {
        "@quais/bytes": "^0.1.0",
        "@quais/logger": "^0.1.0",
        "hash.js": "1.1.7"
      }
    },
    "node_modules/@quais/signing-key": {
      "version": "0.1.0",
      "license": "MIT",
      "dependencies": {
        "@quais/bytes": "^0.1.0",
        "@quais/logger": "^0.1.0",
        "@quais/properties": "^0.1.0",
        "bn.js": "^5.2.1",
        "elliptic": "6.5.4",
        "hash.js": "1.1.7"
      }
    },
    "node_modules/@quais/solidity": {
      "version": "0.1.0",
      "license": "MIT",
      "dependencies": {
        "@quais/bignumber": "^0.1.0",
        "@quais/bytes": "^0.1.0",
        "@quais/keccak256": "^0.1.0",
        "@quais/logger": "^0.1.0",
        "@quais/sha2": "^0.1.0",
        "@quais/strings": "^0.1.0"
      }
    },
    "node_modules/@quais/strings": {
      "version": "0.1.0",
      "funding": [
        {
          "type": "individual",
          "url": "https://gitcoin.co/grants/13/ethersjs-complete-simple-and-tiny-2"
        },
        {
          "type": "individual",
          "url": "https://www.buymeacoffee.com/ricmoo"
        }
      ],
      "license": "MIT",
      "dependencies": {
        "@quais/bytes": "^0.1.0",
        "@quais/constants": "^0.1.0",
        "@quais/logger": "^0.1.0"
      }
    },
    "node_modules/@quais/transactions": {
      "resolved": "../../code/quais.js/packages/transactions",
      "link": true
    },
    "node_modules/@quais/units": {
      "version": "0.1.0",
      "funding": [
        {
          "type": "individual",
          "url": "https://gitcoin.co/grants/13/ethersjs-complete-simple-and-tiny-2"
        },
        {
          "type": "individual",
          "url": "https://www.buymeacoffee.com/ricmoo"
        }
      ],
      "license": "MIT",
      "dependencies": {
        "@quais/bignumber": "^0.1.0",
        "@quais/constants": "^0.1.0",
        "@quais/logger": "^0.1.0"
      }
    },
    "node_modules/@quais/wallet": {
      "version": "0.1.0",
      "license": "MIT",
      "dependencies": {
        "@quais/abstract-provider": "^0.1.0",
        "@quais/abstract-signer": "^0.1.0",
        "@quais/address": "^0.1.0",
        "@quais/bignumber": "^0.1.0",
        "@quais/bytes": "^0.1.0",
        "@quais/hash": "^0.1.0",
        "@quais/hdnode": "^0.1.0",
        "@quais/json-wallets": "^0.1.0",
        "@quais/keccak256": "^0.1.0",
        "@quais/logger": "^0.1.0",
        "@quais/properties": "^0.1.0",
        "@quais/random": "^0.1.0",
        "@quais/signing-key": "^0.1.0",
        "@quais/transactions": "^0.1.0",
        "@quais/wordlists": "^0.1.0"
      }
    },
    "node_modules/@quais/web": {
      "version": "0.1.0",
      "license": "MIT",
      "dependencies": {
        "@quais/base64": "^0.1.0",
        "@quais/bytes": "^0.1.0",
        "@quais/logger": "^0.1.0",
        "@quais/properties": "^0.1.0",
        "@quais/strings": "^0.1.0"
      }
    },
    "node_modules/@quais/wordlists": {
      "version": "0.1.0",
      "license": "MIT",
      "dependencies": {
        "@quais/bytes": "^0.1.0",
        "@quais/hash": "^0.1.0",
        "@quais/logger": "^0.1.0",
        "@quais/properties": "^0.1.0",
        "@quais/strings": "^0.1.0"
      }
    },
    "node_modules/@types/node": {
      "version": "18.11.11",
      "dev": true,
      "license": "MIT"
    },
    "node_modules/aes-js": {
      "version": "3.0.0",
      "license": "MIT"
    },
    "node_modules/bech32": {
      "version": "1.1.4",
      "license": "MIT"
    },
    "node_modules/bn.js": {
      "version": "5.2.1",
      "license": "MIT"
    },
    "node_modules/brorand": {
      "version": "1.1.0",
      "license": "MIT"
    },
    "node_modules/elliptic": {
      "version": "6.5.4",
      "license": "MIT",
      "dependencies": {
        "bn.js": "^4.11.9",
        "brorand": "^1.1.0",
        "hash.js": "^1.0.0",
        "hmac-drbg": "^1.0.1",
        "inherits": "^2.0.4",
        "minimalistic-assert": "^1.0.1",
        "minimalistic-crypto-utils": "^1.0.1"
      }
    },
    "node_modules/elliptic/node_modules/bn.js": {
      "version": "4.12.0",
      "license": "MIT"
    },
    "node_modules/hash.js": {
      "version": "1.1.7",
      "license": "MIT",
      "dependencies": {
        "inherits": "^2.0.3",
        "minimalistic-assert": "^1.0.1"
      }
    },
    "node_modules/hmac-drbg": {
      "version": "1.0.1",
      "license": "MIT",
      "dependencies": {
        "hash.js": "^1.0.3",
        "minimalistic-assert": "^1.0.0",
        "minimalistic-crypto-utils": "^1.0.1"
      }
    },
    "node_modules/inherits": {
      "version": "2.0.4",
      "license": "ISC"
    },
    "node_modules/js-sha3": {
      "version": "0.8.0",
      "license": "MIT"
    },
    "node_modules/minimalistic-assert": {
      "version": "1.0.1",
      "license": "ISC"
    },
    "node_modules/minimalistic-crypto-utils": {
      "version": "1.0.1",
      "license": "MIT"
    },
    "node_modules/quais": {
      "version": "0.1.4",
      "resolved": "https://registry.npmjs.org/quais/-/quais-0.1.4.tgz",
      "integrity": "sha512-NcBHNeGVkEWySR9LvB3CiFM/G+Xg4+sFSkdN6EUITOqpZRhbk+8WX6dXuZq+cMWKWTRyjvx4baw0rOJeuvfa6Q==",
      "dependencies": {
        "@quais/abi": "0.1.0",
        "@quais/abstract-provider": "0.1.1",
        "@quais/abstract-signer": "0.1.0",
        "@quais/address": "0.1.0",
        "@quais/base64": "0.1.0",
        "@quais/basex": "0.1.0",
        "@quais/bignumber": "0.1.0",
        "@quais/bytes": "0.1.0",
        "@quais/constants": "0.1.0",
        "@quais/contracts": "0.1.0",
        "@quais/hash": "0.1.0",
        "@quais/hdnode": "0.1.0",
        "@quais/json-wallets": "0.1.0",
        "@quais/keccak256": "0.1.0",
        "@quais/logger": "0.1.0",
        "@quais/networks": "0.1.0",
        "@quais/pbkdf2": "0.1.0",
        "@quais/properties": "0.1.0",
        "@quais/providers": "0.1.0",
        "@quais/random": "0.1.0",
        "@quais/rlp": "0.1.0",
        "@quais/sha2": "0.1.0",
        "@quais/signing-key": "0.1.0",
        "@quais/solidity": "0.1.0",
        "@quais/strings": "0.1.0",
        "@quais/transactions": "0.1.2",
        "@quais/units": "0.1.0",
        "@quais/wallet": "0.1.0",
        "@quais/web": "0.1.0",
        "@quais/wordlists": "0.1.0"
      }
    },
    "node_modules/scrypt-js": {
      "version": "3.0.1",
      "license": "MIT"
    },
    "node_modules/ws": {
      "version": "7.4.6",
      "license": "MIT",
      "engines": {
        "node": ">=8.3.0"
      },
      "peerDependencies": {
        "bufferutil": "^4.0.1",
        "utf-8-validate": "^5.0.2"
      },
      "peerDependenciesMeta": {
        "bufferutil": {
          "optional": true
        },
        "utf-8-validate": {
          "optional": true
        }
      }
    }
  },
  "dependencies": {
    "@quais/abi": {
      "version": "0.1.0",
      "requires": {
        "@quais/address": "^0.1.0",
        "@quais/bignumber": "^0.1.0",
        "@quais/bytes": "^0.1.0",
        "@quais/constants": "^0.1.0",
        "@quais/hash": "^0.1.0",
        "@quais/keccak256": "^0.1.0",
        "@quais/logger": "^0.1.0",
        "@quais/properties": "^0.1.0",
        "@quais/strings": "^0.1.0"
      }
    },
    "@quais/abstract-provider": {
      "version": "0.1.1",
      "requires": {
        "@quais/bignumber": "^0.1.0",
        "@quais/bytes": "^0.1.0",
        "@quais/logger": "^0.1.0",
        "@quais/networks": "^0.1.0",
        "@quais/properties": "^0.1.0",
        "@quais/transactions": "^0.1.0",
        "@quais/web": "^0.1.0"
      }
    },
    "@quais/abstract-signer": {
      "version": "0.1.0",
      "requires": {
        "@quais/abstract-provider": "^0.1.0",
        "@quais/bignumber": "^0.1.0",
        "@quais/bytes": "^0.1.0",
        "@quais/logger": "^0.1.0",
        "@quais/properties": "^0.1.0"
      }
    },
    "@quais/address": {
      "version": "0.1.0",
      "requires": {
        "@quais/bignumber": "^0.1.0",
        "@quais/bytes": "^0.1.0",
        "@quais/keccak256": "^0.1.0",
        "@quais/logger": "^0.1.0",
        "@quais/rlp": "^0.1.0"
      }
    },
    "@quais/base64": {
      "version": "0.1.0",
      "requires": {
        "@quais/bytes": "^0.1.0"
      }
    },
    "@quais/basex": {
      "version": "0.1.0",
      "requires": {
        "@quais/bytes": "^0.1.0",
        "@quais/properties": "^0.1.0"
      }
    },
    "@quais/bignumber": {
      "version": "0.1.0",
      "requires": {
        "@quais/bytes": "^0.1.0",
        "@quais/logger": "^0.1.0",
        "bn.js": "^5.2.1"
      }
    },
    "@quais/bytes": {
      "version": "0.1.0",
      "requires": {
        "@quais/logger": "^0.1.0"
      }
    },
    "@quais/constants": {
      "version": "0.1.0",
      "requires": {
        "@quais/bignumber": "^0.1.0"
      }
    },
    "@quais/contracts": {
      "version": "0.1.0",
      "requires": {
        "@quais/abi": "^0.1.0",
        "@quais/abstract-provider": "^0.1.0",
        "@quais/abstract-signer": "^0.1.0",
        "@quais/address": "^0.1.0",
        "@quais/bignumber": "^0.1.0",
        "@quais/bytes": "^0.1.0",
        "@quais/constants": "^0.1.0",
        "@quais/logger": "^0.1.0",
        "@quais/properties": "^0.1.0",
        "@quais/transactions": "^0.1.0"
      }
    },
    "@quais/hash": {
      "version": "0.1.0",
      "requires": {
        "@quais/abstract-signer": "^0.1.0",
        "@quais/address": "^0.1.0",
        "@quais/base64": "^0.1.0",
        "@quais/bignumber": "^0.1.0",
        "@quais/bytes": "^0.1.0",
        "@quais/keccak256": "^0.1.0",
        "@quais/logger": "^0.1.0",
        "@quais/properties": "^0.1.0",
        "@quais/strings": "^0.1.0"
      }
    },
    "@quais/hdnode": {
      "version": "0.1.0",
      "requires": {
        "@quais/abstract-signer": "^0.1.0",
        "@quais/basex": "^0.1.0",
        "@quais/bignumber": "^0.1.0",
        "@quais/bytes": "^0.1.0",
        "@quais/logger": "^0.1.0",
        "@quais/pbkdf2": "^0.1.0",
        "@quais/properties": "^0.1.0",
        "@quais/sha2": "^0.1.0",
        "@quais/signing-key": "^0.1.0",
        "@quais/strings": "^0.1.0",
        "@quais/transactions": "^0.1.0",
        "@quais/wordlists": "^0.1.0"
      }
    },
    "@quais/json-wallets": {
      "version": "0.1.0",
      "requires": {
        "@quais/abstract-signer": "^0.1.0",
        "@quais/address": "^0.1.0",
        "@quais/bytes": "^0.1.0",
        "@quais/hdnode": "^0.1.0",
        "@quais/keccak256": "^0.1.0",
        "@quais/logger": "^0.1.0",
        "@quais/pbkdf2": "^0.1.0",
        "@quais/properties": "^0.1.0",
        "@quais/random": "^0.1.0",
        "@quais/strings": "^0.1.0",
        "@quais/transactions": "^0.1.0",
        "aes-js": "3.0.0",
        "scrypt-js": "3.0.1"
      }
    },
    "@quais/keccak256": {
      "version": "0.1.0",
      "requires": {
        "@quais/bytes": "^0.1.0",
        "js-sha3": "0.8.0"
      }
    },
    "@quais/logger": {
      "version": "0.1.0"
    },
    "@quais/networks": {
      "version": "0.1.0",
      "requires": {
        "@quais/logger": "^0.1.0"
      }
    },
    "@quais/pbkdf2": {
      "version": "0.1.0",
      "requires": {
        "@quais/bytes": "^0.1.0",
        "@quais/sha2": "^0.1.0"
      }
    },
    "@quais/properties": {
      "version": "0.1.0",
      "requires": {
        "@quais/logger": "^0.1.0"
      }
    },
    "@quais/providers": {
      "version": "0.1.0",
      "requires": {
        "@quais/abstract-provider": "^0.1.0",
        "@quais/abstract-signer": "^0.1.0",
        "@quais/address": "^0.1.0",
        "@quais/base64": "^0.1.0",
        "@quais/basex": "^0.1.0",
        "@quais/bignumber": "^0.1.0",
        "@quais/bytes": "^0.1.0",
        "@quais/constants": "^0.1.0",
        "@quais/hash": "^0.1.0",
        "@quais/logger": "^0.1.0",
        "@quais/networks": "^0.1.0",
        "@quais/properties": "^0.1.0",
        "@quais/random": "^0.1.0",
        "@quais/rlp": "^0.1.0",
        "@quais/sha2": "^0.1.0",
        "@quais/strings": "^0.1.0",
        "@quais/transactions": "^0.1.0",
        "@quais/web": "^0.1.0",
        "bech32": "1.1.4",
        "ws": "7.4.6"
      }
    },
    "@quais/random": {
      "version": "0.1.0",
      "requires": {
        "@quais/bytes": "^0.1.0",
        "@quais/logger": "^0.1.0"
      }
    },
    "@quais/rlp": {
      "version": "0.1.0",
      "requires": {
        "@quais/bytes": "^0.1.0",
        "@quais/logger": "^0.1.0"
      }
    },
    "@quais/sha2": {
      "version": "0.1.0",
      "requires": {
        "@quais/bytes": "^0.1.0",
        "@quais/logger": "^0.1.0",
        "hash.js": "1.1.7"
      }
    },
    "@quais/signing-key": {
      "version": "0.1.0",
      "requires": {
        "@quais/bytes": "^0.1.0",
        "@quais/logger": "^0.1.0",
        "@quais/properties": "^0.1.0",
        "bn.js": "^5.2.1",
        "elliptic": "6.5.4",
        "hash.js": "1.1.7"
      }
    },
    "@quais/solidity": {
      "version": "0.1.0",
      "requires": {
        "@quais/bignumber": "^0.1.0",
        "@quais/bytes": "^0.1.0",
        "@quais/keccak256": "^0.1.0",
        "@quais/logger": "^0.1.0",
        "@quais/sha2": "^0.1.0",
        "@quais/strings": "^0.1.0"
      }
    },
    "@quais/strings": {
      "version": "0.1.0",
      "requires": {
        "@quais/bytes": "^0.1.0",
        "@quais/constants": "^0.1.0",
        "@quais/logger": "^0.1.0"
      }
    },
    "@quais/transactions": {
      "version": "file:../../code/quais.js/packages/transactions",
      "requires": {
        "@quais/address": "^0.1.0",
        "@quais/bignumber": "^0.1.0",
        "@quais/bytes": "^0.1.0",
        "@quais/constants": "^0.1.0",
        "@quais/keccak256": "^0.1.0",
        "@quais/logger": "^0.1.0",
        "@quais/properties": "^0.1.0",
        "@quais/rlp": "^0.1.0",
        "@quais/signing-key": "^0.1.0"
      },
      "dependencies": {
        "@quais/address": {
          "version": "file:../../code/quais.js/.package_node_modules/transactions/@quais/address",
          "requires": {
            "@quais/bignumber": "^0.1.0",
            "@quais/bytes": "^0.1.0",
            "@quais/keccak256": "^0.1.0",
            "@quais/logger": "^0.1.0",
            "@quais/rlp": "^0.1.0"
          },
          "dependencies": {
            "@quais/bignumber": {
              "version": "0.1.0",
              "requires": {
                "@quais/bytes": "^0.1.0",
                "@quais/logger": "^0.1.0",
                "bn.js": "^5.2.1"
              }
            },
            "@quais/bytes": {
              "version": "0.1.0",
              "requires": {
                "@quais/logger": "^0.1.0"
              }
            },
            "@quais/keccak256": {
              "version": "0.1.0",
              "requires": {
                "@quais/bytes": "^0.1.0",
                "js-sha3": "0.8.0"
              }
            },
            "@quais/logger": {
              "version": "0.1.0"
            },
            "@quais/rlp": {
              "version": "0.1.0",
              "requires": {
                "@quais/bytes": "^0.1.0",
                "@quais/logger": "^0.1.0"
              }
            },
            "bn.js": {
              "version": "5.2.1"
            },
            "js-sha3": {
              "version": "0.8.0"
            }
          }
        },
        "@quais/bignumber": {
          "version": "file:../../code/quais.js/.package_node_modules/transactions/@quais/bignumber",
          "requires": {
            "@quais/bytes": "^0.1.0",
            "@quais/logger": "^0.1.0",
            "bn.js": "^5.2.1"
          },
          "dependencies": {
            "@quais/bytes": {
              "version": "0.1.0",
              "requires": {
                "@quais/logger": "^0.1.0"
              }
            },
            "@quais/logger": {
              "version": "0.1.0"
            },
            "bn.js": {
              "version": "5.2.1"
            }
          }
        },
        "@quais/bytes": {
          "version": "file:../../code/quais.js/.package_node_modules/transactions/@quais/bytes",
          "requires": {
            "@quais/logger": "^0.1.0"
          },
          "dependencies": {
            "@quais/logger": {
              "version": "0.1.0"
            }
          }
        },
        "@quais/constants": {
          "version": "file:../../code/quais.js/.package_node_modules/transactions/@quais/constants",
          "requires": {
            "@quais/bignumber": "^0.1.0"
          },
          "dependencies": {
            "@quais/bignumber": {
              "version": "0.1.0",
              "requires": {
                "@quais/bytes": "^0.1.0",
                "@quais/logger": "^0.1.0",
                "bn.js": "^5.2.1"
              }
            },
            "@quais/bytes": {
              "version": "0.1.0",
              "requires": {
                "@quais/logger": "^0.1.0"
              }
            },
            "@quais/logger": {
              "version": "0.1.0"
            },
            "bn.js": {
              "version": "5.2.1"
            }
          }
        },
        "@quais/keccak256": {
          "version": "file:../../code/quais.js/.package_node_modules/transactions/@quais/keccak256",
          "requires": {
            "@quais/bytes": "^0.1.0",
            "js-sha3": "0.8.0"
          },
          "dependencies": {
            "@quais/bytes": {
              "version": "0.1.0",
              "requires": {
                "@quais/logger": "^0.1.0"
              }
            },
            "@quais/logger": {
              "version": "0.1.0"
            },
            "js-sha3": {
              "version": "0.8.0"
            }
          }
        },
        "@quais/logger": {
          "version": "file:../../code/quais.js/.package_node_modules/transactions/@quais/logger"
        },
        "@quais/properties": {
          "version": "file:../../code/quais.js/.package_node_modules/transactions/@quais/properties",
          "requires": {
            "@quais/logger": "^0.1.0"
          },
          "dependencies": {
            "@quais/logger": {
              "version": "0.1.0"
            }
          }
        },
        "@quais/rlp": {
          "version": "file:../../code/quais.js/.package_node_modules/transactions/@quais/rlp",
          "requires": {
            "@quais/bytes": "^0.1.0",
            "@quais/logger": "^0.1.0"
          },
          "dependencies": {
            "@quais/bytes": {
              "version": "0.1.0",
              "requires": {
                "@quais/logger": "^0.1.0"
              }
            },
            "@quais/logger": {
              "version": "0.1.0"
            }
          }
        },
        "@quais/signing-key": {
          "version": "file:../../code/quais.js/.package_node_modules/transactions/@quais/signing-key",
          "requires": {
            "@quais/bytes": "^0.1.0",
            "@quais/logger": "^0.1.0",
            "@quais/properties": "^0.1.0",
            "bn.js": "^5.2.1",
            "elliptic": "6.5.4",
            "hash.js": "1.1.7"
          },
          "dependencies": {
            "@quais/bytes": {
              "version": "0.1.0",
              "requires": {
                "@quais/logger": "^0.1.0"
              }
            },
            "@quais/logger": {
              "version": "0.1.0"
            },
            "@quais/properties": {
              "version": "0.1.0",
              "requires": {
                "@quais/logger": "^0.1.0"
              }
            },
            "bn.js": {
              "version": "5.2.1"
            },
            "brorand": {
              "version": "1.1.0"
            },
            "elliptic": {
              "version": "6.5.4",
              "requires": {
                "bn.js": "^4.11.9",
                "brorand": "^1.1.0",
                "hash.js": "^1.0.0",
                "hmac-drbg": "^1.0.1",
                "inherits": "^2.0.4",
                "minimalistic-assert": "^1.0.1",
                "minimalistic-crypto-utils": "^1.0.1"
              },
              "dependencies": {
                "bn.js": {
                  "version": "4.12.0"
                }
              }
            },
            "hash.js": {
              "version": "1.1.7",
              "requires": {
                "inherits": "^2.0.3",
                "minimalistic-assert": "^1.0.1"
              }
            },
            "hmac-drbg": {
              "version": "1.0.1",
              "requires": {
                "hash.js": "^1.0.3",
                "minimalistic-assert": "^1.0.0",
                "minimalistic-crypto-utils": "^1.0.1"
              }
            },
            "inherits": {
              "version": "2.0.4"
            },
            "minimalistic-assert": {
              "version": "1.0.1"
            },
            "minimalistic-crypto-utils": {
              "version": "1.0.1"
            }
          }
        }
      }
    },
    "@quais/units": {
      "version": "0.1.0",
      "requires": {
        "@quais/bignumber": "^0.1.0",
        "@quais/constants": "^0.1.0",
        "@quais/logger": "^0.1.0"
      }
    },
    "@quais/wallet": {
      "version": "0.1.0",
      "requires": {
        "@quais/abstract-provider": "^0.1.0",
        "@quais/abstract-signer": "^0.1.0",
        "@quais/address": "^0.1.0",
        "@quais/bignumber": "^0.1.0",
        "@quais/bytes": "^0.1.0",
        "@quais/hash": "^0.1.0",
        "@quais/hdnode": "^0.1.0",
        "@quais/json-wallets": "^0.1.0",
        "@quais/keccak256": "^0.1.0",
        "@quais/logger": "^0.1.0",
        "@quais/properties": "^0.1.0",
        "@quais/random": "^0.1.0",
        "@quais/signing-key": "^0.1.0",
        "@quais/transactions": "^0.1.0",
        "@quais/wordlists": "^0.1.0"
      }
    },
    "@quais/web": {
      "version": "0.1.0",
      "requires": {
        "@quais/base64": "^0.1.0",
        "@quais/bytes": "^0.1.0",
        "@quais/logger": "^0.1.0",
        "@quais/properties": "^0.1.0",
        "@quais/strings": "^0.1.0"
      }
    },
    "@quais/wordlists": {
      "version": "0.1.0",
      "requires": {
        "@quais/bytes": "^0.1.0",
        "@quais/hash": "^0.1.0",
        "@quais/logger": "^0.1.0",
        "@quais/properties": "^0.1.0",
        "@quais/strings": "^0.1.0"
      }
    },
    "@types/node": {
      "version": "18.11.11",
      "dev": true
    },
    "aes-js": {
      "version": "3.0.0"
    },
    "bech32": {
      "version": "1.1.4"
    },
    "bn.js": {
      "version": "5.2.1"
    },
    "brorand": {
      "version": "1.1.0"
    },
    "elliptic": {
      "version": "6.5.4",
      "requires": {
        "bn.js": "^4.11.9",
        "brorand": "^1.1.0",
        "hash.js": "^1.0.0",
        "hmac-drbg": "^1.0.1",
        "inherits": "^2.0.4",
        "minimalistic-assert": "^1.0.1",
        "minimalistic-crypto-utils": "^1.0.1"
      },
      "dependencies": {
        "bn.js": {
          "version": "4.12.0"
        }
      }
    },
    "hash.js": {
      "version": "1.1.7",
      "requires": {
        "inherits": "^2.0.3",
        "minimalistic-assert": "^1.0.1"
      }
    },
    "hmac-drbg": {
      "version": "1.0.1",
      "requires": {
        "hash.js": "^1.0.3",
        "minimalistic-assert": "^1.0.0",
        "minimalistic-crypto-utils": "^1.0.1"
      }
    },
    "inherits": {
      "version": "2.0.4"
    },
    "js-sha3": {
      "version": "0.8.0"
    },
    "minimalistic-assert": {
      "version": "1.0.1"
    },
    "minimalistic-crypto-utils": {
      "version": "1.0.1"
    },
    "quais": {
      "version": "0.1.4",
      "resolved": "https://registry.npmjs.org/quais/-/quais-0.1.4.tgz",
      "integrity": "sha512-NcBHNeGVkEWySR9LvB3CiFM/G+Xg4+sFSkdN6EUITOqpZRhbk+8WX6dXuZq+cMWKWTRyjvx4baw0rOJeuvfa6Q==",
      "requires": {
        "@quais/abi": "0.1.0",
        "@quais/abstract-provider": "0.1.1",
        "@quais/abstract-signer": "0.1.0",
        "@quais/address": "0.1.0",
        "@quais/base64": "0.1.0",
        "@quais/basex": "0.1.0",
        "@quais/bignumber": "0.1.0",
        "@quais/bytes": "0.1.0",
        "@quais/constants": "0.1.0",
        "@quais/contracts": "0.1.0",
        "@quais/hash": "0.1.0",
        "@quais/hdnode": "0.1.0",
        "@quais/json-wallets": "0.1.0",
        "@quais/keccak256": "0.1.0",
        "@quais/logger": "0.1.0",
        "@quais/networks": "0.1.0",
        "@quais/pbkdf2": "0.1.0",
        "@quais/properties": "0.1.0",
        "@quais/providers": "0.1.0",
        "@quais/random": "0.1.0",
        "@quais/rlp": "0.1.0",
        "@quais/sha2": "0.1.0",
        "@quais/signing-key": "0.1.0",
        "@quais/solidity": "0.1.0",
        "@quais/strings": "0.1.0",
        "@quais/transactions": "0.1.2",
        "@quais/units": "0.1.0",
        "@quais/wallet": "0.1.0",
        "@quais/web": "0.1.0",
        "@quais/wordlists": "0.1.0"
      }
    },
    "scrypt-js": {
      "version": "3.0.1"
    },
    "ws": {
      "version": "7.4.6",
      "requires": {}
    }
  }
}
